
Microsoft Visual Studio Solution File, Format Version 12.00
# Visual Studio Version 17
VisualStudioVersion = 17.14.36401.2 d17.14
MinimumVisualStudioVersion = 10.0.40219.1
Project("{FAE04EC0-301F-11D3-BF4B-00C04F79EFBC}") = "WindowsFormsApp1", "WindowsFormsApp1\WindowsFormsApp1.csproj", "{B5D5411B-7B37-421F-BE4F-6D3115A46993}"
EndProject
Global
	GlobalSection(SolutionConfigurationPlatforms) = preSolution
		Debug|Any CPU = Debug|Any CPU
		Release|Any CPU = Release|Any CPU
	EndGlobalSection
	GlobalSection(ProjectConfigurationPlatforms) = postSolution
		{B5D5411B-7B37-421F-BE4F-6D3115A46993}.Debug|Any CPU.ActiveCfg = Debug|Any CPU
		{B5D5411B-7B37-421F-BE4F-6D3115A46993}.Debug|Any CPU.Build.0 = Debug|Any CPU
		{B5D5411B-7B37-421F-BE4F-6D3115A46993}.Release|Any CPU.ActiveCfg = Release|Any CPU
		{B5D5411B-7B37-421F-BE4F-6D3115A46993}.Release|Any CPU.Build.0 = Release|Any CPU
	EndGlobalSection
	GlobalSection(SolutionProperties) = preSolution
		HideSolutionNode = FALSE
	EndGlobalSection
	GlobalSection(ExtensibilityGlobals) = postSolution
		SolutionGuid = {B9C5451A-0C5E-4025-8944-2EB11DF0E246}
	EndGlobalSection
EndGlobal
