
Microsoft Visual Studio Solution File, Format Version 12.00
# Visual Studio Version 17
VisualStudioVersion = 17.14.36401.2 d17.14
MinimumVisualStudioVersion = 10.0.40219.1
Project("{FAE04EC0-301F-11D3-BF4B-00C04F79EFBC}") = "helloWord", "helloWord\helloWord.csproj", "{5C046D1F-2C2D-4F76-8220-B1258F3F0074}"
EndProject
Global
	GlobalSection(SolutionConfigurationPlatforms) = preSolution
		Debug|Any CPU = Debug|Any CPU
		Release|Any CPU = Release|Any CPU
	EndGlobalSection
	GlobalSection(ProjectConfigurationPlatforms) = postSolution
		{5C046D1F-2C2D-4F76-8220-B1258F3F0074}.Debug|Any CPU.ActiveCfg = Debug|Any CPU
		{5C046D1F-2C2D-4F76-8220-B1258F3F0074}.Debug|Any CPU.Build.0 = Debug|Any CPU
		{5C046D1F-2C2D-4F76-8220-B1258F3F0074}.Release|Any CPU.ActiveCfg = Release|Any CPU
		{5C046D1F-2C2D-4F76-8220-B1258F3F0074}.Release|Any CPU.Build.0 = Release|Any CPU
	EndGlobalSection
	GlobalSection(SolutionProperties) = preSolution
		HideSolutionNode = FALSE
	EndGlobalSection
	GlobalSection(ExtensibilityGlobals) = postSolution
		SolutionGuid = {8D88B810-CFB1-4C0D-BCB0-B93BACDF0394}
	EndGlobalSection
EndGlobal
